// !$*UTF8*$!
{
	archiveVersion = 1;
	classes = {
	};
	objectVersion = 56;
	objects = {

/* Begin PBXBuildFile section */
		5428FA6F2B1D05980080D9F8 /* ScanBeamScene.swift in Sources */ = {isa = PBXBuildFile; fileRef = 5428FA6E2B1D05980080D9F8 /* ScanBeamScene.swift */; };
		5428FA712B1D05A40080D9F8 /* ScanBeamSceneView.swift in Sources */ = {isa = PBXBuildFile; fileRef = 5428FA702B1D05A40080D9F8 /* ScanBeamSceneView.swift */; };
		5428FA732B1D05D30080D9F8 /* ScanBeamSceneTestStore.swift in Sources */ = {isa = PBXBuildFile; fileRef = 5428FA722B1D05D30080D9F8 /* ScanBeamSceneTestStore.swift */; };
		544680A32A60071D00EC8F70 /* SplitScene.swift in Sources */ = {isa = PBXBuildFile; fileRef = 544680A22A60071D00EC8F70 /* SplitScene.swift */; };
		544680A52A60072600EC8F70 /* SplitSceneView.swift in Sources */ = {isa = PBXBuildFile; fileRef = 544680A42A60072600EC8F70 /* SplitSceneView.swift */; };
		545645D52AFA7CFD008ED0AA /* TwoTestStoreExtract.swift in Sources */ = {isa = PBXBuildFile; fileRef = 545645D42AFA7CFD008ED0AA /* TwoTestStoreExtract.swift */; };
		545646872AFA9980008ED0AA /* OverlayTestBank.swift in Sources */ = {isa = PBXBuildFile; fileRef = 545646862AFA9980008ED0AA /* OverlayTestBank.swift */; };
		5456468A2AFA9B5A008ED0AA /* Tests in Resources */ = {isa = PBXBuildFile; fileRef = 545646892AFA9B59008ED0AA /* Tests */; };
		5477AA1C2B1DA928009407A6 /* ScanBeamListViewer.swift in Sources */ = {isa = PBXBuildFile; fileRef = 5477AA1B2B1DA928009407A6 /* ScanBeamListViewer.swift */; };
		5477AA1E2B1DA95A009407A6 /* ScanBeamListView.swift in Sources */ = {isa = PBXBuildFile; fileRef = 5477AA1D2B1DA95A009407A6 /* ScanBeamListView.swift */; };
		5489C0E12A6FC6A600E1B26C /* FixScene.swift in Sources */ = {isa = PBXBuildFile; fileRef = 5489C0E02A6FC6A600E1B26C /* FixScene.swift */; };
		5489C0E32A6FC6B000E1B26C /* FixSceneView.swift in Sources */ = {isa = PBXBuildFile; fileRef = 5489C0E22A6FC6B000E1B26C /* FixSceneView.swift */; };
		5489C0E62A6FCE5200E1B26C /* XShape.swift in Sources */ = {isa = PBXBuildFile; fileRef = 5489C0E52A6FCE5200E1B26C /* XShape.swift */; };
		54D261172A78E315007BFBEF /* TwoSegmentScene.swift in Sources */ = {isa = PBXBuildFile; fileRef = 54D261162A78E315007BFBEF /* TwoSegmentScene.swift */; };
		54D261192A78E31F007BFBEF /* TwoSegmentSceneView.swift in Sources */ = {isa = PBXBuildFile; fileRef = 54D261182A78E31F007BFBEF /* TwoSegmentSceneView.swift */; };
		54D4BCF72A838FE600443253 /* UnionScene.swift in Sources */ = {isa = PBXBuildFile; fileRef = 54D4BCF62A838FE600443253 /* UnionScene.swift */; };
		54D4BCF92A838FF300443253 /* UnionSceneView.swift in Sources */ = {isa = PBXBuildFile; fileRef = 54D4BCF82A838FF300443253 /* UnionSceneView.swift */; };
		54D4BCFC2A83AF5600443253 /* DifferenceScene.swift in Sources */ = {isa = PBXBuildFile; fileRef = 54D4BCFB2A83AF5600443253 /* DifferenceScene.swift */; };
		54D4BCFE2A83AF6200443253 /* DifferenceSceneView.swift in Sources */ = {isa = PBXBuildFile; fileRef = 54D4BCFD2A83AF6200443253 /* DifferenceSceneView.swift */; };
		54D4BD012A83C0ED00443253 /* XorScene.swift in Sources */ = {isa = PBXBuildFile; fileRef = 54D4BD002A83C0ED00443253 /* XorScene.swift */; };
		54D4BD032A83C0FA00443253 /* XorSceneView.swift in Sources */ = {isa = PBXBuildFile; fileRef = 54D4BD022A83C0FA00443253 /* XorSceneView.swift */; };
		54D5AFED2A851C2400F02800 /* StarExtractSceneView.swift in Sources */ = {isa = PBXBuildFile; fileRef = 54D5AFEC2A851C2400F02800 /* StarExtractSceneView.swift */; };
		54D5AFEF2A851C2C00F02800 /* StarExtractScene.swift in Sources */ = {isa = PBXBuildFile; fileRef = 54D5AFEE2A851C2C00F02800 /* StarExtractScene.swift */; };
		54D5CA182A77BE610011AAAF /* StarSceneView.swift in Sources */ = {isa = PBXBuildFile; fileRef = 54D5CA172A77BE610011AAAF /* StarSceneView.swift */; };
		54D5CA1A2A77BE690011AAAF /* StarScene.swift in Sources */ = {isa = PBXBuildFile; fileRef = 54D5CA192A77BE690011AAAF /* StarScene.swift */; };
		54D5CA1C2A77BF4C0011AAAF /* StarTestStore.swift in Sources */ = {isa = PBXBuildFile; fileRef = 54D5CA1B2A77BF4C0011AAAF /* StarTestStore.swift */; };
		54D65DE02A73B472004EB898 /* ComplexScene.swift in Sources */ = {isa = PBXBuildFile; fileRef = 54D65DDF2A73B472004EB898 /* ComplexScene.swift */; };
		54D65DE22A73B47B004EB898 /* ComplexSceneView.swift in Sources */ = {isa = PBXBuildFile; fileRef = 54D65DE12A73B47B004EB898 /* ComplexSceneView.swift */; };
		54D65DE42A73B4E6004EB898 /* ComplexTestStore.swift in Sources */ = {isa = PBXBuildFile; fileRef = 54D65DE32A73B4E6004EB898 /* ComplexTestStore.swift */; };
		54D65DE72A73FEF0004EB898 /* TwoSplitScene.swift in Sources */ = {isa = PBXBuildFile; fileRef = 54D65DE62A73FEF0004EB898 /* TwoSplitScene.swift */; };
		54D65DE92A73FEFB004EB898 /* TwoSplitSceneView.swift in Sources */ = {isa = PBXBuildFile; fileRef = 54D65DE82A73FEFB004EB898 /* TwoSplitSceneView.swift */; };
		54D65DEB2A74004D004EB898 /* TwoTestStore.swift in Sources */ = {isa = PBXBuildFile; fileRef = 54D65DEA2A74004D004EB898 /* TwoTestStore.swift */; };
		54D744A52A6404470064D79B /* AngleSortScene.swift in Sources */ = {isa = PBXBuildFile; fileRef = 54D744A42A6404470064D79B /* AngleSortScene.swift */; };
		54D744A72A6404530064D79B /* AngleSortSceneView.swift in Sources */ = {isa = PBXBuildFile; fileRef = 54D744A62A6404530064D79B /* AngleSortSceneView.swift */; };
		54D744A92A6405960064D79B /* AngleSortTestStore.swift in Sources */ = {isa = PBXBuildFile; fileRef = 54D744A82A6405960064D79B /* AngleSortTestStore.swift */; };
		54D744AB2A6451220064D79B /* SegmentView.swift in Sources */ = {isa = PBXBuildFile; fileRef = 54D744AA2A6451220064D79B /* SegmentView.swift */; };
		54DB520F2A82AAE600C031A2 /* IntersectScene.swift in Sources */ = {isa = PBXBuildFile; fileRef = 54DB520E2A82AAE600C031A2 /* IntersectScene.swift */; };
		54DB52112A82AAF300C031A2 /* IntersectSceneView.swift in Sources */ = {isa = PBXBuildFile; fileRef = 54DB52102A82AAF300C031A2 /* IntersectSceneView.swift */; };
		54EBAFE92A5C315B00E4E31F /* iOverlayDebugApp.swift in Sources */ = {isa = PBXBuildFile; fileRef = 54EBAFE82A5C315B00E4E31F /* iOverlayDebugApp.swift */; };
		54EBAFEB2A5C315B00E4E31F /* MainView.swift in Sources */ = {isa = PBXBuildFile; fileRef = 54EBAFEA2A5C315B00E4E31F /* MainView.swift */; };
		54EBAFED2A5C315D00E4E31F /* Assets.xcassets in Resources */ = {isa = PBXBuildFile; fileRef = 54EBAFEC2A5C315D00E4E31F /* Assets.xcassets */; };
		54EBAFF12A5C315D00E4E31F /* Preview Assets.xcassets in Resources */ = {isa = PBXBuildFile; fileRef = 54EBAFF02A5C315D00E4E31F /* Preview Assets.xcassets */; };
		54EBAFFF2A5C324200E4E31F /* SceneContainer.swift in Sources */ = {isa = PBXBuildFile; fileRef = 54EBAFFE2A5C324200E4E31F /* SceneContainer.swift */; };
		54EBB0022A5C325F00E4E31F /* TestStore.swift in Sources */ = {isa = PBXBuildFile; fileRef = 54EBB0012A5C325F00E4E31F /* TestStore.swift */; };
		54EBB0042A5C329600E4E31F /* MainViewModel.swift in Sources */ = {isa = PBXBuildFile; fileRef = 54EBB0032A5C329600E4E31F /* MainViewModel.swift */; };
		54EBB0072A5C32CF00E4E31F /* iDebug in Frameworks */ = {isa = PBXBuildFile; productRef = 54EBB0062A5C32CF00E4E31F /* iDebug */; };
		54EBB0092A5C32CF00E4E31F /* iFixFloat in Frameworks */ = {isa = PBXBuildFile; productRef = 54EBB0082A5C32CF00E4E31F /* iFixFloat */; };
		54EBB00B2A5C32CF00E4E31F /* iOverlay in Frameworks */ = {isa = PBXBuildFile; productRef = 54EBB00A2A5C32CF00E4E31F /* iOverlay */; };
		54EBB00D2A5C32CF00E4E31F /* iShape in Frameworks */ = {isa = PBXBuildFile; productRef = 54EBB00C2A5C32CF00E4E31F /* iShape */; };
		54EBB0152A5C332000E4E31F /* DegenerateScene.swift in Sources */ = {isa = PBXBuildFile; fileRef = 54EBB0142A5C332000E4E31F /* DegenerateScene.swift */; };
		54EBB0172A5C332B00E4E31F /* DegenerateSceneView.swift in Sources */ = {isa = PBXBuildFile; fileRef = 54EBB0162A5C332B00E4E31F /* DegenerateSceneView.swift */; };
		54EBB0222A5C369200E4E31F /* DegenerateTestStore.swift in Sources */ = {isa = PBXBuildFile; fileRef = 54EBB0212A5C369200E4E31F /* DegenerateTestStore.swift */; };
		54EBB0242A5C36F600E4E31F /* DVert.swift in Sources */ = {isa = PBXBuildFile; fileRef = 54EBB0232A5C36F600E4E31F /* DVert.swift */; };
		54EBB0262A5C375800E4E31F /* FixTestStore.swift in Sources */ = {isa = PBXBuildFile; fileRef = 54EBB0252A5C375800E4E31F /* FixTestStore.swift */; };
		54ED9D8F2A71A34100E5CBDB /* AngleClockWiseScene.swift in Sources */ = {isa = PBXBuildFile; fileRef = 54ED9D8E2A71A34100E5CBDB /* AngleClockWiseScene.swift */; };
		54ED9D912A71A34B00E5CBDB /* AngleClockWiseSceneView.swift in Sources */ = {isa = PBXBuildFile; fileRef = 54ED9D902A71A34B00E5CBDB /* AngleClockWiseSceneView.swift */; };
		54ED9D932A71A46D00E5CBDB /* AngleClockWiseTestStore.swift in Sources */ = {isa = PBXBuildFile; fileRef = 54ED9D922A71A46D00E5CBDB /* AngleClockWiseTestStore.swift */; };
		54EEDB722B4EC88D0062D585 /* EdgeScene.swift in Sources */ = {isa = PBXBuildFile; fileRef = 54EEDB6F2B4EC88D0062D585 /* EdgeScene.swift */; };
		54EEDB732B4EC88D0062D585 /* EdgeSceneView.swift in Sources */ = {isa = PBXBuildFile; fileRef = 54EEDB702B4EC88D0062D585 /* EdgeSceneView.swift */; };
		54EEDB742B4EC88D0062D585 /* EdgeTestStore.swift in Sources */ = {isa = PBXBuildFile; fileRef = 54EEDB712B4EC88D0062D585 /* EdgeTestStore.swift */; };
		54FC0EAC2A5D94E400BF38DB /* SegmentScene.swift in Sources */ = {isa = PBXBuildFile; fileRef = 54FC0EAB2A5D94E400BF38DB /* SegmentScene.swift */; };
		54FC0EAE2A5D94FD00BF38DB /* SegmentSceneView.swift in Sources */ = {isa = PBXBuildFile; fileRef = 54FC0EAD2A5D94FD00BF38DB /* SegmentSceneView.swift */; };
/* End PBXBuildFile section */

/* Begin PBXFileReference section */
		5428FA6E2B1D05980080D9F8 /* ScanBeamScene.swift */ = {isa = PBXFileReference; lastKnownFileType = sourcecode.swift; path = ScanBeamScene.swift; sourceTree = "<group>"; };
		5428FA702B1D05A40080D9F8 /* ScanBeamSceneView.swift */ = {isa = PBXFileReference; lastKnownFileType = sourcecode.swift; path = ScanBeamSceneView.swift; sourceTree = "<group>"; };
		5428FA722B1D05D30080D9F8 /* ScanBeamSceneTestStore.swift */ = {isa = PBXFileReference; lastKnownFileType = sourcecode.swift; path = ScanBeamSceneTestStore.swift; sourceTree = "<group>"; };
		544680A22A60071D00EC8F70 /* SplitScene.swift */ = {isa = PBXFileReference; lastKnownFileType = sourcecode.swift; path = SplitScene.swift; sourceTree = "<group>"; };
		544680A42A60072600EC8F70 /* SplitSceneView.swift */ = {isa = PBXFileReference; lastKnownFileType = sourcecode.swift; path = SplitSceneView.swift; sourceTree = "<group>"; };
		545645D42AFA7CFD008ED0AA /* TwoTestStoreExtract.swift */ = {isa = PBXFileReference; lastKnownFileType = sourcecode.swift; path = TwoTestStoreExtract.swift; sourceTree = "<group>"; };
		545646862AFA9980008ED0AA /* OverlayTestBank.swift */ = {isa = PBXFileReference; lastKnownFileType = sourcecode.swift; path = OverlayTestBank.swift; sourceTree = "<group>"; };
		545646892AFA9B59008ED0AA /* Tests */ = {isa = PBXFileReference; lastKnownFileType = folder; path = Tests; sourceTree = "<group>"; };
		5477AA1B2B1DA928009407A6 /* ScanBeamListViewer.swift */ = {isa = PBXFileReference; lastKnownFileType = sourcecode.swift; path = ScanBeamListViewer.swift; sourceTree = "<group>"; };
		5477AA1D2B1DA95A009407A6 /* ScanBeamListView.swift */ = {isa = PBXFileReference; lastKnownFileType = sourcecode.swift; path = ScanBeamListView.swift; sourceTree = "<group>"; };
		5489C0E02A6FC6A600E1B26C /* FixScene.swift */ = {isa = PBXFileReference; lastKnownFileType = sourcecode.swift; path = FixScene.swift; sourceTree = "<group>"; };
		5489C0E22A6FC6B000E1B26C /* FixSceneView.swift */ = {isa = PBXFileReference; lastKnownFileType = sourcecode.swift; path = FixSceneView.swift; sourceTree = "<group>"; };
		5489C0E52A6FCE5200E1B26C /* XShape.swift */ = {isa = PBXFileReference; lastKnownFileType = sourcecode.swift; path = XShape.swift; sourceTree = "<group>"; };
		54D261162A78E315007BFBEF /* TwoSegmentScene.swift */ = {isa = PBXFileReference; lastKnownFileType = sourcecode.swift; path = TwoSegmentScene.swift; sourceTree = "<group>"; };
		54D261182A78E31F007BFBEF /* TwoSegmentSceneView.swift */ = {isa = PBXFileReference; lastKnownFileType = sourcecode.swift; path = TwoSegmentSceneView.swift; sourceTree = "<group>"; };
		54D4BCF62A838FE600443253 /* UnionScene.swift */ = {isa = PBXFileReference; lastKnownFileType = sourcecode.swift; path = UnionScene.swift; sourceTree = "<group>"; };
		54D4BCF82A838FF300443253 /* UnionSceneView.swift */ = {isa = PBXFileReference; lastKnownFileType = sourcecode.swift; path = UnionSceneView.swift; sourceTree = "<group>"; };
		54D4BCFB2A83AF5600443253 /* DifferenceScene.swift */ = {isa = PBXFileReference; lastKnownFileType = sourcecode.swift; path = DifferenceScene.swift; sourceTree = "<group>"; };
		54D4BCFD2A83AF6200443253 /* DifferenceSceneView.swift */ = {isa = PBXFileReference; lastKnownFileType = sourcecode.swift; path = DifferenceSceneView.swift; sourceTree = "<group>"; };
		54D4BD002A83C0ED00443253 /* XorScene.swift */ = {isa = PBXFileReference; lastKnownFileType = sourcecode.swift; path = XorScene.swift; sourceTree = "<group>"; };
		54D4BD022A83C0FA00443253 /* XorSceneView.swift */ = {isa = PBXFileReference; lastKnownFileType = sourcecode.swift; path = XorSceneView.swift; sourceTree = "<group>"; };
		54D5AFEC2A851C2400F02800 /* StarExtractSceneView.swift */ = {isa = PBXFileReference; lastKnownFileType = sourcecode.swift; path = StarExtractSceneView.swift; sourceTree = "<group>"; };
		54D5AFEE2A851C2C00F02800 /* StarExtractScene.swift */ = {isa = PBXFileReference; lastKnownFileType = sourcecode.swift; path = StarExtractScene.swift; sourceTree = "<group>"; };
		54D5CA172A77BE610011AAAF /* StarSceneView.swift */ = {isa = PBXFileReference; lastKnownFileType = sourcecode.swift; path = StarSceneView.swift; sourceTree = "<group>"; };
		54D5CA192A77BE690011AAAF /* StarScene.swift */ = {isa = PBXFileReference; lastKnownFileType = sourcecode.swift; path = StarScene.swift; sourceTree = "<group>"; };
		54D5CA1B2A77BF4C0011AAAF /* StarTestStore.swift */ = {isa = PBXFileReference; lastKnownFileType = sourcecode.swift; path = StarTestStore.swift; sourceTree = "<group>"; };
		54D65DDF2A73B472004EB898 /* ComplexScene.swift */ = {isa = PBXFileReference; lastKnownFileType = sourcecode.swift; path = ComplexScene.swift; sourceTree = "<group>"; };
		54D65DE12A73B47B004EB898 /* ComplexSceneView.swift */ = {isa = PBXFileReference; lastKnownFileType = sourcecode.swift; path = ComplexSceneView.swift; sourceTree = "<group>"; };
		54D65DE32A73B4E6004EB898 /* ComplexTestStore.swift */ = {isa = PBXFileReference; lastKnownFileType = sourcecode.swift; path = ComplexTestStore.swift; sourceTree = "<group>"; };
		54D65DE62A73FEF0004EB898 /* TwoSplitScene.swift */ = {isa = PBXFileReference; lastKnownFileType = sourcecode.swift; path = TwoSplitScene.swift; sourceTree = "<group>"; };
		54D65DE82A73FEFB004EB898 /* TwoSplitSceneView.swift */ = {isa = PBXFileReference; lastKnownFileType = sourcecode.swift; path = TwoSplitSceneView.swift; sourceTree = "<group>"; };
		54D65DEA2A74004D004EB898 /* TwoTestStore.swift */ = {isa = PBXFileReference; lastKnownFileType = sourcecode.swift; path = TwoTestStore.swift; sourceTree = "<group>"; };
		54D744A42A6404470064D79B /* AngleSortScene.swift */ = {isa = PBXFileReference; lastKnownFileType = sourcecode.swift; path = AngleSortScene.swift; sourceTree = "<group>"; };
		54D744A62A6404530064D79B /* AngleSortSceneView.swift */ = {isa = PBXFileReference; lastKnownFileType = sourcecode.swift; path = AngleSortSceneView.swift; sourceTree = "<group>"; };
		54D744A82A6405960064D79B /* AngleSortTestStore.swift */ = {isa = PBXFileReference; lastKnownFileType = sourcecode.swift; path = AngleSortTestStore.swift; sourceTree = "<group>"; };
		54D744AA2A6451220064D79B /* SegmentView.swift */ = {isa = PBXFileReference; lastKnownFileType = sourcecode.swift; path = SegmentView.swift; sourceTree = "<group>"; };
		54DB520E2A82AAE600C031A2 /* IntersectScene.swift */ = {isa = PBXFileReference; lastKnownFileType = sourcecode.swift; path = IntersectScene.swift; sourceTree = "<group>"; };
		54DB52102A82AAF300C031A2 /* IntersectSceneView.swift */ = {isa = PBXFileReference; lastKnownFileType = sourcecode.swift; path = IntersectSceneView.swift; sourceTree = "<group>"; };
		54EBAFE52A5C315B00E4E31F /* iOverlayDebug.app */ = {isa = PBXFileReference; explicitFileType = wrapper.application; includeInIndex = 0; path = iOverlayDebug.app; sourceTree = BUILT_PRODUCTS_DIR; };
		54EBAFE82A5C315B00E4E31F /* iOverlayDebugApp.swift */ = {isa = PBXFileReference; lastKnownFileType = sourcecode.swift; path = iOverlayDebugApp.swift; sourceTree = "<group>"; };
		54EBAFEA2A5C315B00E4E31F /* MainView.swift */ = {isa = PBXFileReference; lastKnownFileType = sourcecode.swift; path = MainView.swift; sourceTree = "<group>"; };
		54EBAFEC2A5C315D00E4E31F /* Assets.xcassets */ = {isa = PBXFileReference; lastKnownFileType = folder.assetcatalog; path = Assets.xcassets; sourceTree = "<group>"; };
		54EBAFEE2A5C315D00E4E31F /* iOverlayDebug.entitlements */ = {isa = PBXFileReference; lastKnownFileType = text.plist.entitlements; path = iOverlayDebug.entitlements; sourceTree = "<group>"; };
		54EBAFF02A5C315D00E4E31F /* Preview Assets.xcassets */ = {isa = PBXFileReference; lastKnownFileType = folder.assetcatalog; path = "Preview Assets.xcassets"; sourceTree = "<group>"; };
		54EBAFF92A5C31C900E4E31F /* iFixFloat */ = {isa = PBXFileReference; lastKnownFileType = wrapper; name = iFixFloat; path = ../../iFixFloat; sourceTree = "<group>"; };
		54EBAFFA2A5C31D500E4E31F /* iShape */ = {isa = PBXFileReference; lastKnownFileType = wrapper; name = iShape; path = ../../iShape; sourceTree = "<group>"; };
		54EBAFFB2A5C31E800E4E31F /* iOverlay */ = {isa = PBXFileReference; lastKnownFileType = wrapper; name = iOverlay; path = ../../iOverlay; sourceTree = "<group>"; };
		54EBAFFC2A5C31F100E4E31F /* iDebug */ = {isa = PBXFileReference; lastKnownFileType = wrapper; name = iDebug; path = ../../iDebug; sourceTree = "<group>"; };
		54EBAFFE2A5C324200E4E31F /* SceneContainer.swift */ = {isa = PBXFileReference; lastKnownFileType = sourcecode.swift; path = SceneContainer.swift; sourceTree = "<group>"; };
		54EBB0012A5C325F00E4E31F /* TestStore.swift */ = {isa = PBXFileReference; lastKnownFileType = sourcecode.swift; path = TestStore.swift; sourceTree = "<group>"; };
		54EBB0032A5C329600E4E31F /* MainViewModel.swift */ = {isa = PBXFileReference; lastKnownFileType = sourcecode.swift; path = MainViewModel.swift; sourceTree = "<group>"; };
		54EBB0142A5C332000E4E31F /* DegenerateScene.swift */ = {isa = PBXFileReference; lastKnownFileType = sourcecode.swift; path = DegenerateScene.swift; sourceTree = "<group>"; };
		54EBB0162A5C332B00E4E31F /* DegenerateSceneView.swift */ = {isa = PBXFileReference; lastKnownFileType = sourcecode.swift; path = DegenerateSceneView.swift; sourceTree = "<group>"; };
		54EBB0212A5C369200E4E31F /* DegenerateTestStore.swift */ = {isa = PBXFileReference; lastKnownFileType = sourcecode.swift; path = DegenerateTestStore.swift; sourceTree = "<group>"; };
		54EBB0232A5C36F600E4E31F /* DVert.swift */ = {isa = PBXFileReference; lastKnownFileType = sourcecode.swift; path = DVert.swift; sourceTree = "<group>"; };
		54EBB0252A5C375800E4E31F /* FixTestStore.swift */ = {isa = PBXFileReference; lastKnownFileType = sourcecode.swift; path = FixTestStore.swift; sourceTree = "<group>"; };
		54ED9D8E2A71A34100E5CBDB /* AngleClockWiseScene.swift */ = {isa = PBXFileReference; lastKnownFileType = sourcecode.swift; path = AngleClockWiseScene.swift; sourceTree = "<group>"; };
		54ED9D902A71A34B00E5CBDB /* AngleClockWiseSceneView.swift */ = {isa = PBXFileReference; lastKnownFileType = sourcecode.swift; path = AngleClockWiseSceneView.swift; sourceTree = "<group>"; };
		54ED9D922A71A46D00E5CBDB /* AngleClockWiseTestStore.swift */ = {isa = PBXFileReference; lastKnownFileType = sourcecode.swift; path = AngleClockWiseTestStore.swift; sourceTree = "<group>"; };
		54EEDB6F2B4EC88D0062D585 /* EdgeScene.swift */ = {isa = PBXFileReference; fileEncoding = 4; lastKnownFileType = sourcecode.swift; path = EdgeScene.swift; sourceTree = "<group>"; };
		54EEDB702B4EC88D0062D585 /* EdgeSceneView.swift */ = {isa = PBXFileReference; fileEncoding = 4; lastKnownFileType = sourcecode.swift; path = EdgeSceneView.swift; sourceTree = "<group>"; };
		54EEDB712B4EC88D0062D585 /* EdgeTestStore.swift */ = {isa = PBXFileReference; fileEncoding = 4; lastKnownFileType = sourcecode.swift; path = EdgeTestStore.swift; sourceTree = "<group>"; };
		54FC0EAB2A5D94E400BF38DB /* SegmentScene.swift */ = {isa = PBXFileReference; lastKnownFileType = sourcecode.swift; path = SegmentScene.swift; sourceTree = "<group>"; };
		54FC0EAD2A5D94FD00BF38DB /* SegmentSceneView.swift */ = {isa = PBXFileReference; lastKnownFileType = sourcecode.swift; path = SegmentSceneView.swift; sourceTree = "<group>"; };
/* End PBXFileReference section */

/* Begin PBXFrameworksBuildPhase section */
		54EBAFE22A5C315B00E4E31F /* Frameworks */ = {
			isa = PBXFrameworksBuildPhase;
			buildActionMask = 2147483647;
			files = (
				54EBB00D2A5C32CF00E4E31F /* iShape in Frameworks */,
				54EBB0072A5C32CF00E4E31F /* iDebug in Frameworks */,
				54EBB00B2A5C32CF00E4E31F /* iOverlay in Frameworks */,
				54EBB0092A5C32CF00E4E31F /* iFixFloat in Frameworks */,
			);
			runOnlyForDeploymentPostprocessing = 0;
		};
/* End PBXFrameworksBuildPhase section */

/* Begin PBXGroup section */
		5428FA6D2B1D05730080D9F8 /* ScanBeam */ = {
			isa = PBXGroup;
			children = (
				5428FA6E2B1D05980080D9F8 /* ScanBeamScene.swift */,
				5428FA702B1D05A40080D9F8 /* ScanBeamSceneView.swift */,
				5428FA722B1D05D30080D9F8 /* ScanBeamSceneTestStore.swift */,
				5477AA1B2B1DA928009407A6 /* ScanBeamListViewer.swift */,
				5477AA1D2B1DA95A009407A6 /* ScanBeamListView.swift */,
			);
			path = ScanBeam;
			sourceTree = "<group>";
		};
		544680A12A60070D00EC8F70 /* Split */ = {
			isa = PBXGroup;
			children = (
				544680A22A60071D00EC8F70 /* SplitScene.swift */,
				544680A42A60072600EC8F70 /* SplitSceneView.swift */,
			);
			path = Split;
			sourceTree = "<group>";
		};
		5489C0DF2A6FC69400E1B26C /* Fix */ = {
			isa = PBXGroup;
			children = (
				5489C0E02A6FC6A600E1B26C /* FixScene.swift */,
				5489C0E22A6FC6B000E1B26C /* FixSceneView.swift */,
			);
			path = Fix;
			sourceTree = "<group>";
		};
		5489C0E42A6FCE3E00E1B26C /* Shape */ = {
			isa = PBXGroup;
			children = (
				5489C0E52A6FCE5200E1B26C /* XShape.swift */,
			);
			path = Shape;
			sourceTree = "<group>";
		};
		54D261152A78E302007BFBEF /* TwoSegment */ = {
			isa = PBXGroup;
			children = (
				54D261162A78E315007BFBEF /* TwoSegmentScene.swift */,
				54D261182A78E31F007BFBEF /* TwoSegmentSceneView.swift */,
			);
			path = TwoSegment;
			sourceTree = "<group>";
		};
		54D4BCF52A838FCD00443253 /* Union */ = {
			isa = PBXGroup;
			children = (
				54D4BCF62A838FE600443253 /* UnionScene.swift */,
				54D4BCF82A838FF300443253 /* UnionSceneView.swift */,
			);
			path = Union;
			sourceTree = "<group>";
		};
		54D4BCFA2A83AF4600443253 /* Difference */ = {
			isa = PBXGroup;
			children = (
				54D4BCFB2A83AF5600443253 /* DifferenceScene.swift */,
				54D4BCFD2A83AF6200443253 /* DifferenceSceneView.swift */,
			);
			path = Difference;
			sourceTree = "<group>";
		};
		54D4BCFF2A83C0DF00443253 /* Xor */ = {
			isa = PBXGroup;
			children = (
				54D4BD002A83C0ED00443253 /* XorScene.swift */,
				54D4BD022A83C0FA00443253 /* XorSceneView.swift */,
			);
			path = Xor;
			sourceTree = "<group>";
		};
		54D5AFEB2A851BE700F02800 /* StarExtract */ = {
			isa = PBXGroup;
			children = (
				54D5AFEE2A851C2C00F02800 /* StarExtractScene.swift */,
				54D5AFEC2A851C2400F02800 /* StarExtractSceneView.swift */,
			);
			path = StarExtract;
			sourceTree = "<group>";
		};
		54D5CA162A77BE470011AAAF /* Star */ = {
			isa = PBXGroup;
			children = (
				54D5CA192A77BE690011AAAF /* StarScene.swift */,
				54D5CA172A77BE610011AAAF /* StarSceneView.swift */,
				54D5CA1B2A77BF4C0011AAAF /* StarTestStore.swift */,
			);
			path = Star;
			sourceTree = "<group>";
		};
		54D65DDE2A73B43A004EB898 /* Complex */ = {
			isa = PBXGroup;
			children = (
				54D65DDF2A73B472004EB898 /* ComplexScene.swift */,
				54D65DE12A73B47B004EB898 /* ComplexSceneView.swift */,
				54D65DE32A73B4E6004EB898 /* ComplexTestStore.swift */,
			);
			path = Complex;
			sourceTree = "<group>";
		};
		54D65DE52A73FED5004EB898 /* TwoSplit */ = {
			isa = PBXGroup;
			children = (
				54D65DE62A73FEF0004EB898 /* TwoSplitScene.swift */,
				54D65DE82A73FEFB004EB898 /* TwoSplitSceneView.swift */,
				54D65DEA2A74004D004EB898 /* TwoTestStore.swift */,
				545645D42AFA7CFD008ED0AA /* TwoTestStoreExtract.swift */,
			);
			path = TwoSplit;
			sourceTree = "<group>";
		};
		54D744A32A64041F0064D79B /* AngleSort */ = {
			isa = PBXGroup;
			children = (
				54D744A42A6404470064D79B /* AngleSortScene.swift */,
				54D744A62A6404530064D79B /* AngleSortSceneView.swift */,
				54D744A82A6405960064D79B /* AngleSortTestStore.swift */,
			);
			path = AngleSort;
			sourceTree = "<group>";
		};
		54DB520D2A82AAD500C031A2 /* Intersect */ = {
			isa = PBXGroup;
			children = (
				54DB520E2A82AAE600C031A2 /* IntersectScene.swift */,
				54DB52102A82AAF300C031A2 /* IntersectSceneView.swift */,
			);
			path = Intersect;
			sourceTree = "<group>";
		};
		54EBAFDC2A5C315B00E4E31F = {
			isa = PBXGroup;
			children = (
				54EBAFF82A5C31C900E4E31F /* Packages */,
				54EBAFE72A5C315B00E4E31F /* iOverlayDebug */,
				54EBAFE62A5C315B00E4E31F /* Products */,
				54EBB0052A5C32CF00E4E31F /* Frameworks */,
			);
			sourceTree = "<group>";
		};
		54EBAFE62A5C315B00E4E31F /* Products */ = {
			isa = PBXGroup;
			children = (
				54EBAFE52A5C315B00E4E31F /* iOverlayDebug.app */,
			);
			name = Products;
			sourceTree = "<group>";
		};
		54EBAFE72A5C315B00E4E31F /* iOverlayDebug */ = {
			isa = PBXGroup;
			children = (
				5489C0E42A6FCE3E00E1B26C /* Shape */,
				54EBB0002A5C325400E4E31F /* Test */,
				54EBAFFD2A5C320500E4E31F /* Scene */,
				54EBAFF72A5C317400E4E31F /* Main */,
				54EBAFE82A5C315B00E4E31F /* iOverlayDebugApp.swift */,
				54EBAFEC2A5C315D00E4E31F /* Assets.xcassets */,
				54EBAFEE2A5C315D00E4E31F /* iOverlayDebug.entitlements */,
				54EBAFEF2A5C315D00E4E31F /* Preview Content */,
			);
			path = iOverlayDebug;
			sourceTree = "<group>";
		};
		54EBAFEF2A5C315D00E4E31F /* Preview Content */ = {
			isa = PBXGroup;
			children = (
				54EBAFF02A5C315D00E4E31F /* Preview Assets.xcassets */,
			);
			path = "Preview Content";
			sourceTree = "<group>";
		};
		54EBAFF72A5C317400E4E31F /* Main */ = {
			isa = PBXGroup;
			children = (
				54EBAFEA2A5C315B00E4E31F /* MainView.swift */,
				54EBB0032A5C329600E4E31F /* MainViewModel.swift */,
			);
			path = Main;
			sourceTree = "<group>";
		};
		54EBAFF82A5C31C900E4E31F /* Packages */ = {
			isa = PBXGroup;
			children = (
				54EBAFF92A5C31C900E4E31F /* iFixFloat */,
				54EBAFFA2A5C31D500E4E31F /* iShape */,
				54EBAFFB2A5C31E800E4E31F /* iOverlay */,
				54EBAFFC2A5C31F100E4E31F /* iDebug */,
			);
			name = Packages;
			sourceTree = "<group>";
		};
		54EBAFFD2A5C320500E4E31F /* Scene */ = {
			isa = PBXGroup;
			children = (
				54EEDB6E2B4EC88D0062D585 /* Edge */,
				5428FA6D2B1D05730080D9F8 /* ScanBeam */,
				54D5AFEB2A851BE700F02800 /* StarExtract */,
				54D4BCFF2A83C0DF00443253 /* Xor */,
				54D4BCFA2A83AF4600443253 /* Difference */,
				54D4BCF52A838FCD00443253 /* Union */,
				54DB520D2A82AAD500C031A2 /* Intersect */,
				54D261152A78E302007BFBEF /* TwoSegment */,
				54D5CA162A77BE470011AAAF /* Star */,
				54D65DE52A73FED5004EB898 /* TwoSplit */,
				54D65DDE2A73B43A004EB898 /* Complex */,
				54ED9D8D2A719BF100E5CBDB /* AngleClockWise */,
				5489C0DF2A6FC69400E1B26C /* Fix */,
				54D744A32A64041F0064D79B /* AngleSort */,
				544680A12A60070D00EC8F70 /* Split */,
				54FC0EAA2A5D94C500BF38DB /* Segment */,
				54EBB0132A5C331200E4E31F /* Degenerate */,
				54EBAFFE2A5C324200E4E31F /* SceneContainer.swift */,
			);
			path = Scene;
			sourceTree = "<group>";
		};
		54EBB0002A5C325400E4E31F /* Test */ = {
			isa = PBXGroup;
			children = (
				545646892AFA9B59008ED0AA /* Tests */,
				54EBB0252A5C375800E4E31F /* FixTestStore.swift */,
				54EBB0012A5C325F00E4E31F /* TestStore.swift */,
				545646862AFA9980008ED0AA /* OverlayTestBank.swift */,
			);
			path = Test;
			sourceTree = "<group>";
		};
		54EBB0052A5C32CF00E4E31F /* Frameworks */ = {
			isa = PBXGroup;
			children = (
			);
			name = Frameworks;
			sourceTree = "<group>";
		};
		54EBB0132A5C331200E4E31F /* Degenerate */ = {
			isa = PBXGroup;
			children = (
				54EBB0142A5C332000E4E31F /* DegenerateScene.swift */,
				54EBB0162A5C332B00E4E31F /* DegenerateSceneView.swift */,
				54EBB0212A5C369200E4E31F /* DegenerateTestStore.swift */,
				54EBB0232A5C36F600E4E31F /* DVert.swift */,
			);
			path = Degenerate;
			sourceTree = "<group>";
		};
		54ED9D8D2A719BF100E5CBDB /* AngleClockWise */ = {
			isa = PBXGroup;
			children = (
				54ED9D8E2A71A34100E5CBDB /* AngleClockWiseScene.swift */,
				54ED9D902A71A34B00E5CBDB /* AngleClockWiseSceneView.swift */,
				54ED9D922A71A46D00E5CBDB /* AngleClockWiseTestStore.swift */,
			);
			path = AngleClockWise;
			sourceTree = "<group>";
		};
		54EEDB6E2B4EC88D0062D585 /* Edge */ = {
			isa = PBXGroup;
			children = (
				54EEDB6F2B4EC88D0062D585 /* EdgeScene.swift */,
				54EEDB702B4EC88D0062D585 /* EdgeSceneView.swift */,
				54EEDB712B4EC88D0062D585 /* EdgeTestStore.swift */,
			);
			path = Edge;
			sourceTree = "<group>";
		};
		54FC0EAA2A5D94C500BF38DB /* Segment */ = {
			isa = PBXGroup;
			children = (
				54FC0EAB2A5D94E400BF38DB /* SegmentScene.swift */,
				54FC0EAD2A5D94FD00BF38DB /* SegmentSceneView.swift */,
				54D744AA2A6451220064D79B /* SegmentView.swift */,
			);
			path = Segment;
			sourceTree = "<group>";
		};
/* End PBXGroup section */

/* Begin PBXNativeTarget section */
		54EBAFE42A5C315B00E4E31F /* iOverlayDebug */ = {
			isa = PBXNativeTarget;
			buildConfigurationList = 54EBAFF42A5C315D00E4E31F /* Build configuration list for PBXNativeTarget "iOverlayDebug" */;
			buildPhases = (
				54EBAFE12A5C315B00E4E31F /* Sources */,
				54EBAFE22A5C315B00E4E31F /* Frameworks */,
				54EBAFE32A5C315B00E4E31F /* Resources */,
			);
			buildRules = (
			);
			dependencies = (
			);
			name = iOverlayDebug;
			packageProductDependencies = (
				54EBB0062A5C32CF00E4E31F /* iDebug */,
				54EBB0082A5C32CF00E4E31F /* iFixFloat */,
				54EBB00A2A5C32CF00E4E31F /* iOverlay */,
				54EBB00C2A5C32CF00E4E31F /* iShape */,
			);
			productName = iOverlayDebug;
			productReference = 54EBAFE52A5C315B00E4E31F /* iOverlayDebug.app */;
			productType = "com.apple.product-type.application";
		};
/* End PBXNativeTarget section */

/* Begin PBXProject section */
		54EBAFDD2A5C315B00E4E31F /* Project object */ = {
			isa = PBXProject;
			attributes = {
				BuildIndependentTargetsInParallel = 1;
				LastSwiftUpdateCheck = 1430;
				LastUpgradeCheck = 1430;
				TargetAttributes = {
					54EBAFE42A5C315B00E4E31F = {
						CreatedOnToolsVersion = 14.3;
					};
				};
			};
			buildConfigurationList = 54EBAFE02A5C315B00E4E31F /* Build configuration list for PBXProject "iOverlayDebug" */;
			compatibilityVersion = "Xcode 14.0";
			developmentRegion = en;
			hasScannedForEncodings = 0;
			knownRegions = (
				en,
				Base,
			);
			mainGroup = 54EBAFDC2A5C315B00E4E31F;
			productRefGroup = 54EBAFE62A5C315B00E4E31F /* Products */;
			projectDirPath = "";
			projectRoot = "";
			targets = (
				54EBAFE42A5C315B00E4E31F /* iOverlayDebug */,
			);
		};
/* End PBXProject section */

/* Begin PBXResourcesBuildPhase section */
		54EBAFE32A5C315B00E4E31F /* Resources */ = {
			isa = PBXResourcesBuildPhase;
			buildActionMask = 2147483647;
			files = (
				5456468A2AFA9B5A008ED0AA /* Tests in Resources */,
				54EBAFF12A5C315D00E4E31F /* Preview Assets.xcassets in Resources */,
				54EBAFED2A5C315D00E4E31F /* Assets.xcassets in Resources */,
			);
			runOnlyForDeploymentPostprocessing = 0;
		};
/* End PBXResourcesBuildPhase section */

/* Begin PBXSourcesBuildPhase section */
		54EBAFE12A5C315B00E4E31F /* Sources */ = {
			isa = PBXSourcesBuildPhase;
			buildActionMask = 2147483647;
			files = (
				545646872AFA9980008ED0AA /* OverlayTestBank.swift in Sources */,
				54D65DEB2A74004D004EB898 /* TwoTestStore.swift in Sources */,
				54FC0EAE2A5D94FD00BF38DB /* SegmentSceneView.swift in Sources */,
				54D4BCFE2A83AF6200443253 /* DifferenceSceneView.swift in Sources */,
				54D261172A78E315007BFBEF /* TwoSegmentScene.swift in Sources */,
				54D65DE72A73FEF0004EB898 /* TwoSplitScene.swift in Sources */,
				5428FA6F2B1D05980080D9F8 /* ScanBeamScene.swift in Sources */,
				54D5CA1C2A77BF4C0011AAAF /* StarTestStore.swift in Sources */,
				54D4BD032A83C0FA00443253 /* XorSceneView.swift in Sources */,
				54EBB0042A5C329600E4E31F /* MainViewModel.swift in Sources */,
				54DB520F2A82AAE600C031A2 /* IntersectScene.swift in Sources */,
				54D4BD012A83C0ED00443253 /* XorScene.swift in Sources */,
				5489C0E12A6FC6A600E1B26C /* FixScene.swift in Sources */,
				54D744A92A6405960064D79B /* AngleSortTestStore.swift in Sources */,
				5477AA1E2B1DA95A009407A6 /* ScanBeamListView.swift in Sources */,
				54EBB0262A5C375800E4E31F /* FixTestStore.swift in Sources */,
				54EEDB742B4EC88D0062D585 /* EdgeTestStore.swift in Sources */,
				54D65DE02A73B472004EB898 /* ComplexScene.swift in Sources */,
				54EBAFEB2A5C315B00E4E31F /* MainView.swift in Sources */,
				544680A52A60072600EC8F70 /* SplitSceneView.swift in Sources */,
				54EBB0242A5C36F600E4E31F /* DVert.swift in Sources */,
				5428FA712B1D05A40080D9F8 /* ScanBeamSceneView.swift in Sources */,
				54D4BCF92A838FF300443253 /* UnionSceneView.swift in Sources */,
				54EBB0152A5C332000E4E31F /* DegenerateScene.swift in Sources */,
				54D65DE92A73FEFB004EB898 /* TwoSplitSceneView.swift in Sources */,
				54D744A52A6404470064D79B /* AngleSortScene.swift in Sources */,
				54FC0EAC2A5D94E400BF38DB /* SegmentScene.swift in Sources */,
				54D5AFEF2A851C2C00F02800 /* StarExtractScene.swift in Sources */,
				54ED9D932A71A46D00E5CBDB /* AngleClockWiseTestStore.swift in Sources */,
				545645D52AFA7CFD008ED0AA /* TwoTestStoreExtract.swift in Sources */,
				54D261192A78E31F007BFBEF /* TwoSegmentSceneView.swift in Sources */,
				54D5CA1A2A77BE690011AAAF /* StarScene.swift in Sources */,
				54D65DE22A73B47B004EB898 /* ComplexSceneView.swift in Sources */,
				54D5CA182A77BE610011AAAF /* StarSceneView.swift in Sources */,
				5477AA1C2B1DA928009407A6 /* ScanBeamListViewer.swift in Sources */,
				54D5AFED2A851C2400F02800 /* StarExtractSceneView.swift in Sources */,
				5489C0E32A6FC6B000E1B26C /* FixSceneView.swift in Sources */,
				54ED9D912A71A34B00E5CBDB /* AngleClockWiseSceneView.swift in Sources */,
				54EBB0222A5C369200E4E31F /* DegenerateTestStore.swift in Sources */,
				54D4BCF72A838FE600443253 /* UnionScene.swift in Sources */,
				54EEDB722B4EC88D0062D585 /* EdgeScene.swift in Sources */,
				54D744AB2A6451220064D79B /* SegmentView.swift in Sources */,
				54D65DE42A73B4E6004EB898 /* ComplexTestStore.swift in Sources */,
				54EBB0172A5C332B00E4E31F /* DegenerateSceneView.swift in Sources */,
				54EBAFE92A5C315B00E4E31F /* iOverlayDebugApp.swift in Sources */,
				5489C0E62A6FCE5200E1B26C /* XShape.swift in Sources */,
				544680A32A60071D00EC8F70 /* SplitScene.swift in Sources */,
				54EBAFFF2A5C324200E4E31F /* SceneContainer.swift in Sources */,
				54D4BCFC2A83AF5600443253 /* DifferenceScene.swift in Sources */,
				54EEDB732B4EC88D0062D585 /* EdgeSceneView.swift in Sources */,
				54DB52112A82AAF300C031A2 /* IntersectSceneView.swift in Sources */,
				5428FA732B1D05D30080D9F8 /* ScanBeamSceneTestStore.swift in Sources */,
				54ED9D8F2A71A34100E5CBDB /* AngleClockWiseScene.swift in Sources */,
				54EBB0022A5C325F00E4E31F /* TestStore.swift in Sources */,
				54D744A72A6404530064D79B /* AngleSortSceneView.swift in Sources */,
			);
			runOnlyForDeploymentPostprocessing = 0;
		};
/* End PBXSourcesBuildPhase section */

/* Begin XCBuildConfiguration section */
		54EBAFF22A5C315D00E4E31F /* Debug */ = {
			isa = XCBuildConfiguration;
			buildSettings = {
				ALWAYS_SEARCH_USER_PATHS = NO;
				CLANG_ANALYZER_NONNULL = YES;
				CLANG_ANALYZER_NUMBER_OBJECT_CONVERSION = YES_AGGRESSIVE;
				CLANG_CXX_LANGUAGE_STANDARD = "gnu++20";
				CLANG_ENABLE_MODULES = YES;
				CLANG_ENABLE_OBJC_ARC = YES;
				CLANG_ENABLE_OBJC_WEAK = YES;
				CLANG_WARN_BLOCK_CAPTURE_AUTORELEASING = YES;
				CLANG_WARN_BOOL_CONVERSION = YES;
				CLANG_WARN_COMMA = YES;
				CLANG_WARN_CONSTANT_CONVERSION = YES;
				CLANG_WARN_DEPRECATED_OBJC_IMPLEMENTATIONS = YES;
				CLANG_WARN_DIRECT_OBJC_ISA_USAGE = YES_ERROR;
				CLANG_WARN_DOCUMENTATION_COMMENTS = YES;
				CLANG_WARN_EMPTY_BODY = YES;
				CLANG_WARN_ENUM_CONVERSION = YES;
				CLANG_WARN_INFINITE_RECURSION = YES;
				CLANG_WARN_INT_CONVERSION = YES;
				CLANG_WARN_NON_LITERAL_NULL_CONVERSION = YES;
				CLANG_WARN_OBJC_IMPLICIT_RETAIN_SELF = YES;
				CLANG_WARN_OBJC_LITERAL_CONVERSION = YES;
				CLANG_WARN_OBJC_ROOT_CLASS = YES_ERROR;
				CLANG_WARN_QUOTED_INCLUDE_IN_FRAMEWORK_HEADER = YES;
				CLANG_WARN_RANGE_LOOP_ANALYSIS = YES;
				CLANG_WARN_STRICT_PROTOTYPES = YES;
				CLANG_WARN_SUSPICIOUS_MOVE = YES;
				CLANG_WARN_UNGUARDED_AVAILABILITY = YES_AGGRESSIVE;
				CLANG_WARN_UNREACHABLE_CODE = YES;
				CLANG_WARN__DUPLICATE_METHOD_MATCH = YES;
				COPY_PHASE_STRIP = NO;
				DEBUG_INFORMATION_FORMAT = dwarf;
				ENABLE_STRICT_OBJC_MSGSEND = YES;
				ENABLE_TESTABILITY = YES;
				GCC_C_LANGUAGE_STANDARD = gnu11;
				GCC_DYNAMIC_NO_PIC = NO;
				GCC_NO_COMMON_BLOCKS = YES;
				GCC_OPTIMIZATION_LEVEL = 0;
				GCC_PREPROCESSOR_DEFINITIONS = (
					"DEBUG=1",
					"$(inherited)",
				);
				GCC_WARN_64_TO_32_BIT_CONVERSION = YES;
				GCC_WARN_ABOUT_RETURN_TYPE = YES_ERROR;
				GCC_WARN_UNDECLARED_SELECTOR = YES;
				GCC_WARN_UNINITIALIZED_AUTOS = YES_AGGRESSIVE;
				GCC_WARN_UNUSED_FUNCTION = YES;
				GCC_WARN_UNUSED_VARIABLE = YES;
				MTL_ENABLE_DEBUG_INFO = INCLUDE_SOURCE;
				MTL_FAST_MATH = YES;
				ONLY_ACTIVE_ARCH = YES;
				SDKROOT = macosx;
				SWIFT_ACTIVE_COMPILATION_CONDITIONS = DEBUG;
				SWIFT_OPTIMIZATION_LEVEL = "-Onone";
			};
			name = Debug;
		};
		54EBAFF32A5C315D00E4E31F /* Release */ = {
			isa = XCBuildConfiguration;
			buildSettings = {
				ALWAYS_SEARCH_USER_PATHS = NO;
				CLANG_ANALYZER_NONNULL = YES;
				CLANG_ANALYZER_NUMBER_OBJECT_CONVERSION = YES_AGGRESSIVE;
				CLANG_CXX_LANGUAGE_STANDARD = "gnu++20";
				CLANG_ENABLE_MODULES = YES;
				CLANG_ENABLE_OBJC_ARC = YES;
				CLANG_ENABLE_OBJC_WEAK = YES;
				CLANG_WARN_BLOCK_CAPTURE_AUTORELEASING = YES;
				CLANG_WARN_BOOL_CONVERSION = YES;
				CLANG_WARN_COMMA = YES;
				CLANG_WARN_CONSTANT_CONVERSION = YES;
				CLANG_WARN_DEPRECATED_OBJC_IMPLEMENTATIONS = YES;
				CLANG_WARN_DIRECT_OBJC_ISA_USAGE = YES_ERROR;
				CLANG_WARN_DOCUMENTATION_COMMENTS = YES;
				CLANG_WARN_EMPTY_BODY = YES;
				CLANG_WARN_ENUM_CONVERSION = YES;
				CLANG_WARN_INFINITE_RECURSION = YES;
				CLANG_WARN_INT_CONVERSION = YES;
				CLANG_WARN_NON_LITERAL_NULL_CONVERSION = YES;
				CLANG_WARN_OBJC_IMPLICIT_RETAIN_SELF = YES;
				CLANG_WARN_OBJC_LITERAL_CONVERSION = YES;
				CLANG_WARN_OBJC_ROOT_CLASS = YES_ERROR;
				CLANG_WARN_QUOTED_INCLUDE_IN_FRAMEWORK_HEADER = YES;
				CLANG_WARN_RANGE_LOOP_ANALYSIS = YES;
				CLANG_WARN_STRICT_PROTOTYPES = YES;
				CLANG_WARN_SUSPICIOUS_MOVE = YES;
				CLANG_WARN_UNGUARDED_AVAILABILITY = YES_AGGRESSIVE;
				CLANG_WARN_UNREACHABLE_CODE = YES;
				CLANG_WARN__DUPLICATE_METHOD_MATCH = YES;
				COPY_PHASE_STRIP = NO;
				DEBUG_INFORMATION_FORMAT = "dwarf-with-dsym";
				ENABLE_NS_ASSERTIONS = NO;
				ENABLE_STRICT_OBJC_MSGSEND = YES;
				GCC_C_LANGUAGE_STANDARD = gnu11;
				GCC_NO_COMMON_BLOCKS = YES;
				GCC_WARN_64_TO_32_BIT_CONVERSION = YES;
				GCC_WARN_ABOUT_RETURN_TYPE = YES_ERROR;
				GCC_WARN_UNDECLARED_SELECTOR = YES;
				GCC_WARN_UNINITIALIZED_AUTOS = YES_AGGRESSIVE;
				GCC_WARN_UNUSED_FUNCTION = YES;
				GCC_WARN_UNUSED_VARIABLE = YES;
				MTL_ENABLE_DEBUG_INFO = NO;
				MTL_FAST_MATH = YES;
				SDKROOT = macosx;
				SWIFT_COMPILATION_MODE = wholemodule;
				SWIFT_OPTIMIZATION_LEVEL = "-O";
			};
			name = Release;
		};
		54EBAFF52A5C315D00E4E31F /* Debug */ = {
			isa = XCBuildConfiguration;
			buildSettings = {
				ASSETCATALOG_COMPILER_APPICON_NAME = AppIcon;
				ASSETCATALOG_COMPILER_GLOBAL_ACCENT_COLOR_NAME = AccentColor;
				CODE_SIGN_ENTITLEMENTS = iOverlayDebug/iOverlayDebug.entitlements;
				CODE_SIGN_STYLE = Automatic;
				CURRENT_PROJECT_VERSION = 1;
				DEVELOPMENT_ASSET_PATHS = "\"iOverlayDebug/Preview Content\"";
				DEVELOPMENT_TEAM = HPV9E52JPX;
				ENABLE_HARDENED_RUNTIME = YES;
				ENABLE_PREVIEWS = YES;
				GENERATE_INFOPLIST_FILE = YES;
				"INFOPLIST_KEY_UIApplicationSceneManifest_Generation[sdk=iphoneos*]" = YES;
				"INFOPLIST_KEY_UIApplicationSceneManifest_Generation[sdk=iphonesimulator*]" = YES;
				"INFOPLIST_KEY_UIApplicationSupportsIndirectInputEvents[sdk=iphoneos*]" = YES;
				"INFOPLIST_KEY_UIApplicationSupportsIndirectInputEvents[sdk=iphonesimulator*]" = YES;
				"INFOPLIST_KEY_UILaunchScreen_Generation[sdk=iphoneos*]" = YES;
				"INFOPLIST_KEY_UILaunchScreen_Generation[sdk=iphonesimulator*]" = YES;
				"INFOPLIST_KEY_UIStatusBarStyle[sdk=iphoneos*]" = UIStatusBarStyleDefault;
				"INFOPLIST_KEY_UIStatusBarStyle[sdk=iphonesimulator*]" = UIStatusBarStyleDefault;
				INFOPLIST_KEY_UISupportedInterfaceOrientations_iPad = "UIInterfaceOrientationPortrait UIInterfaceOrientationPortraitUpsideDown UIInterfaceOrientationLandscapeLeft UIInterfaceOrientationLandscapeRight";
				INFOPLIST_KEY_UISupportedInterfaceOrientations_iPhone = "UIInterfaceOrientationPortrait UIInterfaceOrientationLandscapeLeft UIInterfaceOrientationLandscapeRight";
				IPHONEOS_DEPLOYMENT_TARGET = 16.4;
				LD_RUNPATH_SEARCH_PATHS = "@executable_path/Frameworks";
				"LD_RUNPATH_SEARCH_PATHS[sdk=macosx*]" = "@executable_path/../Frameworks";
				MACOSX_DEPLOYMENT_TARGET = 13.3;
				MARKETING_VERSION = 1.0;
				PRODUCT_BUNDLE_IDENTIFIER = com.nail.iOverlayDebug;
				PRODUCT_NAME = "$(TARGET_NAME)";
				SDKROOT = macosx;
				SUPPORTED_PLATFORMS = "iphoneos iphonesimulator macosx";
				SWIFT_EMIT_LOC_STRINGS = YES;
				SWIFT_VERSION = 5.0;
				TARGETED_DEVICE_FAMILY = "1,2";
			};
			name = Debug;
		};
		54EBAFF62A5C315D00E4E31F /* Release */ = {
			isa = XCBuildConfiguration;
			buildSettings = {
				ASSETCATALOG_COMPILER_APPICON_NAME = AppIcon;
				ASSETCATALOG_COMPILER_GLOBAL_ACCENT_COLOR_NAME = AccentColor;
				CODE_SIGN_ENTITLEMENTS = iOverlayDebug/iOverlayDebug.entitlements;
				CODE_SIGN_STYLE = Automatic;
				CURRENT_PROJECT_VERSION = 1;
				DEVELOPMENT_ASSET_PATHS = "\"iOverlayDebug/Preview Content\"";
				DEVELOPMENT_TEAM = HPV9E52JPX;
				ENABLE_HARDENED_RUNTIME = YES;
				ENABLE_PREVIEWS = YES;
				GENERATE_INFOPLIST_FILE = YES;
				"INFOPLIST_KEY_UIApplicationSceneManifest_Generation[sdk=iphoneos*]" = YES;
				"INFOPLIST_KEY_UIApplicationSceneManifest_Generation[sdk=iphonesimulator*]" = YES;
				"INFOPLIST_KEY_UIApplicationSupportsIndirectInputEvents[sdk=iphoneos*]" = YES;
				"INFOPLIST_KEY_UIApplicationSupportsIndirectInputEvents[sdk=iphonesimulator*]" = YES;
				"INFOPLIST_KEY_UILaunchScreen_Generation[sdk=iphoneos*]" = YES;
				"INFOPLIST_KEY_UILaunchScreen_Generation[sdk=iphonesimulator*]" = YES;
				"INFOPLIST_KEY_UIStatusBarStyle[sdk=iphoneos*]" = UIStatusBarStyleDefault;
				"INFOPLIST_KEY_UIStatusBarStyle[sdk=iphonesimulator*]" = UIStatusBarStyleDefault;
				INFOPLIST_KEY_UISupportedInterfaceOrientations_iPad = "UIInterfaceOrientationPortrait UIInterfaceOrientationPortraitUpsideDown UIInterfaceOrientationLandscapeLeft UIInterfaceOrientationLandscapeRight";
				INFOPLIST_KEY_UISupportedInterfaceOrientations_iPhone = "UIInterfaceOrientationPortrait UIInterfaceOrientationLandscapeLeft UIInterfaceOrientationLandscapeRight";
				IPHONEOS_DEPLOYMENT_TARGET = 16.4;
				LD_RUNPATH_SEARCH_PATHS = "@executable_path/Frameworks";
				"LD_RUNPATH_SEARCH_PATHS[sdk=macosx*]" = "@executable_path/../Frameworks";
				MACOSX_DEPLOYMENT_TARGET = 13.3;
				MARKETING_VERSION = 1.0;
				PRODUCT_BUNDLE_IDENTIFIER = com.nail.iOverlayDebug;
				PRODUCT_NAME = "$(TARGET_NAME)";
				SDKROOT = macosx;
				SUPPORTED_PLATFORMS = "iphoneos iphonesimulator macosx";
				SWIFT_EMIT_LOC_STRINGS = YES;
				SWIFT_VERSION = 5.0;
				TARGETED_DEVICE_FAMILY = "1,2";
			};
			name = Release;
		};
/* End XCBuildConfiguration section */

/* Begin XCConfigurationList section */
		54EBAFE02A5C315B00E4E31F /* Build configuration list for PBXProject "iOverlayDebug" */ = {
			isa = XCConfigurationList;
			buildConfigurations = (
				54EBAFF22A5C315D00E4E31F /* Debug */,
				54EBAFF32A5C315D00E4E31F /* Release */,
			);
			defaultConfigurationIsVisible = 0;
			defaultConfigurationName = Release;
		};
		54EBAFF42A5C315D00E4E31F /* Build configuration list for PBXNativeTarget "iOverlayDebug" */ = {
			isa = XCConfigurationList;
			buildConfigurations = (
				54EBAFF52A5C315D00E4E31F /* Debug */,
				54EBAFF62A5C315D00E4E31F /* Release */,
			);
			defaultConfigurationIsVisible = 0;
			defaultConfigurationName = Release;
		};
/* End XCConfigurationList section */

/* Begin XCSwiftPackageProductDependency section */
		54EBB0062A5C32CF00E4E31F /* iDebug */ = {
			isa = XCSwiftPackageProductDependency;
			productName = iDebug;
		};
		54EBB0082A5C32CF00E4E31F /* iFixFloat */ = {
			isa = XCSwiftPackageProductDependency;
			productName = iFixFloat;
		};
		54EBB00A2A5C32CF00E4E31F /* iOverlay */ = {
			isa = XCSwiftPackageProductDependency;
			productName = iOverlay;
		};
		54EBB00C2A5C32CF00E4E31F /* iShape */ = {
			isa = XCSwiftPackageProductDependency;
			productName = iShape;
		};
/* End XCSwiftPackageProductDependency section */
	};
	rootObject = 54EBAFDD2A5C315B00E4E31F /* Project object */;
}
